
Microsoft Visual Studio Solution File, Format Version 12.00
Project("{FAE04EC0-301F-11D3-BF4B-00C04F79EFBC}") = "Chat_server", "Chat_server\Chat_server.csproj", "{ED834CC9-4F72-4770-810F-7395D5ED8AEB}"
EndProject
Project("{FAE04EC0-301F-11D3-BF4B-00C04F79EFBC}") = "Chat_app_client", "Chat_app_client\Chat_app_client.csproj", "{F3D881BC-D09C-4066-8ED9-E04E46395D6E}"
EndProject
Global
	GlobalSection(SolutionConfigurationPlatforms) = preSolution
		Debug|Any CPU = Debug|Any CPU
		Release|Any CPU = Release|Any CPU
	EndGlobalSection
	GlobalSection(ProjectConfigurationPlatforms) = postSolution
		{ED834CC9-4F72-4770-810F-7395D5ED8AEB}.Debug|Any CPU.ActiveCfg = Debug|Any CPU
		{ED834CC9-4F72-4770-810F-7395D5ED8AEB}.Debug|Any CPU.Build.0 = Debug|Any CPU
		{ED834CC9-4F72-4770-810F-7395D5ED8AEB}.Release|Any CPU.ActiveCfg = Release|Any CPU
		{ED834CC9-4F72-4770-810F-7395D5ED8AEB}.Release|Any CPU.Build.0 = Release|Any CPU
		{F3D881BC-D09C-4066-8ED9-E04E46395D6E}.Debug|Any CPU.ActiveCfg = Debug|Any CPU
		{F3D881BC-D09C-4066-8ED9-E04E46395D6E}.Debug|Any CPU.Build.0 = Debug|Any CPU
		{F3D881BC-D09C-4066-8ED9-E04E46395D6E}.Release|Any CPU.ActiveCfg = Release|Any CPU
		{F3D881BC-D09C-4066-8ED9-E04E46395D6E}.Release|Any CPU.Build.0 = Release|Any CPU
	EndGlobalSection
EndGlobal
